
Microsoft Visual Studio Solution File, Format Version 12.00
# Visual Studio 15
VisualStudioVersion = 15.0.27428.2002
MinimumVisualStudioVersion = 10.0.40219.1
Project("{FAE04EC0-301F-11D3-BF4B-00C04F79EFBC}") = "Mailer", "Mailer\Mailer.csproj", "{2ABC05F6-EEF1-430F-9C53-280F60CAD1F0}"
EndProject
Project("{FAE04EC0-301F-11D3-BF4B-00C04F79EFBC}") = "Mailer.Tests", "Mailer.Tests\Mailer.Tests.csproj", "{51409B8B-6955-4604-869C-F8B88729531F}"
EndProject
Global
	GlobalSection(SolutionConfigurationPlatforms) = preSolution
		Debug|Any CPU = Debug|Any CPU
		Release|Any CPU = Release|Any CPU
	EndGlobalSection
	GlobalSection(ProjectConfigurationPlatforms) = postSolution
		{2ABC05F6-EEF1-430F-9C53-280F60CAD1F0}.Debug|Any CPU.ActiveCfg = Debug|Any CPU
		{2ABC05F6-EEF1-430F-9C53-280F60CAD1F0}.Debug|Any CPU.Build.0 = Debug|Any CPU
		{2ABC05F6-EEF1-430F-9C53-280F60CAD1F0}.Release|Any CPU.ActiveCfg = Release|Any CPU
		{2ABC05F6-EEF1-430F-9C53-280F60CAD1F0}.Release|Any CPU.Build.0 = Release|Any CPU
		{51409B8B-6955-4604-869C-F8B88729531F}.Debug|Any CPU.ActiveCfg = Debug|Any CPU
		{51409B8B-6955-4604-869C-F8B88729531F}.Debug|Any CPU.Build.0 = Debug|Any CPU
		{51409B8B-6955-4604-869C-F8B88729531F}.Release|Any CPU.ActiveCfg = Release|Any CPU
		{51409B8B-6955-4604-869C-F8B88729531F}.Release|Any CPU.Build.0 = Release|Any CPU
	EndGlobalSection
	GlobalSection(SolutionProperties) = preSolution
		HideSolutionNode = FALSE
	EndGlobalSection
	GlobalSection(ExtensibilityGlobals) = postSolution
		SolutionGuid = {A48656D2-B661-47A6-87D1-4E7E634C1B92}
	EndGlobalSection
EndGlobal
